
Microsoft Visual Studio Solution File, Format Version 12.00
# Visual Studio Version 17
VisualStudioVersion = 17.8.34316.72
MinimumVisualStudioVersion = 10.0.40219.1
Project("{8BC9CEB8-8B4A-11D0-8D11-00A0C91BC942}") = "Lab4_ParakhinAO_KTbo2-7", "Lab4_ParakhinAO_KTbo2-7\Lab4_ParakhinAO_KTbo2-7.vcxproj", "{7FA97EF4-D238-459B-A7EB-CBD848EFB440}"
EndProject
Global
	GlobalSection(SolutionConfigurationPlatforms) = preSolution
		Debug|x64 = Debug|x64
		Debug|x86 = Debug|x86
		Release|x64 = Release|x64
		Release|x86 = Release|x86
	EndGlobalSection
	GlobalSection(ProjectConfigurationPlatforms) = postSolution
		{7FA97EF4-D238-459B-A7EB-CBD848EFB440}.Debug|x64.ActiveCfg = Debug|x64
		{7FA97EF4-D238-459B-A7EB-CBD848EFB440}.Debug|x64.Build.0 = Debug|x64
		{7FA97EF4-D238-459B-A7EB-CBD848EFB440}.Debug|x86.ActiveCfg = Debug|Win32
		{7FA97EF4-D238-459B-A7EB-CBD848EFB440}.Debug|x86.Build.0 = Debug|Win32
		{7FA97EF4-D238-459B-A7EB-CBD848EFB440}.Release|x64.ActiveCfg = Release|x64
		{7FA97EF4-D238-459B-A7EB-CBD848EFB440}.Release|x64.Build.0 = Release|x64
		{7FA97EF4-D238-459B-A7EB-CBD848EFB440}.Release|x86.ActiveCfg = Release|Win32
		{7FA97EF4-D238-459B-A7EB-CBD848EFB440}.Release|x86.Build.0 = Release|Win32
	EndGlobalSection
	GlobalSection(SolutionProperties) = preSolution
		HideSolutionNode = FALSE
	EndGlobalSection
	GlobalSection(ExtensibilityGlobals) = postSolution
		SolutionGuid = {8956B89C-D110-48F8-919F-BFD40FED75E0}
	EndGlobalSection
EndGlobal
